
Microsoft Visual Studio Solution File, Format Version 12.00
# Visual Studio Version 17
VisualStudioVersion = 17.9.34728.123
MinimumVisualStudioVersion = 10.0.40219.1
Project("{FAE04EC0-301F-11D3-BF4B-00C04F79EFBC}") = "DBPROJ_VF", "DBPROJ_VF\DBPROJ_VF.csproj", "{1517BA57-D0C9-4A37-9357-FEEEEB7CD282}"
EndProject
Global
	GlobalSection(SolutionConfigurationPlatforms) = preSolution
		Debug|Any CPU = Debug|Any CPU
		Release|Any CPU = Release|Any CPU
	EndGlobalSection
	GlobalSection(ProjectConfigurationPlatforms) = postSolution
		{1517BA57-D0C9-4A37-9357-FEEEEB7CD282}.Debug|Any CPU.ActiveCfg = Debug|Any CPU
		{1517BA57-D0C9-4A37-9357-FEEEEB7CD282}.Debug|Any CPU.Build.0 = Debug|Any CPU
		{1517BA57-D0C9-4A37-9357-FEEEEB7CD282}.Release|Any CPU.ActiveCfg = Release|Any CPU
		{1517BA57-D0C9-4A37-9357-FEEEEB7CD282}.Release|Any CPU.Build.0 = Release|Any CPU
	EndGlobalSection
	GlobalSection(SolutionProperties) = preSolution
		HideSolutionNode = FALSE
	EndGlobalSection
	GlobalSection(ExtensibilityGlobals) = postSolution
		SolutionGuid = {7AD34BE7-6854-4D4C-9124-BBACE66E0E2C}
	EndGlobalSection
EndGlobal
